
Microsoft Visual Studio Solution File, Format Version 12.00
# Visual Studio 15
VisualStudioVersion = 15.0.27130.2027
MinimumVisualStudioVersion = 10.0.40219.1
Project("{888888A0-9F3D-457C-B088-3A5042F75D52}") = "SettleFailChecker", "SettleFailChecker\SettleFailChecker.pyproj", "{04BE537C-4358-4393-B9B5-08FBF3214666}"
EndProject
Global
	GlobalSection(SolutionConfigurationPlatforms) = preSolution
		Debug|Any CPU = Debug|Any CPU
		Release|Any CPU = Release|Any CPU
	EndGlobalSection
	GlobalSection(ProjectConfigurationPlatforms) = postSolution
		{04BE537C-4358-4393-B9B5-08FBF3214666}.Debug|Any CPU.ActiveCfg = Debug|Any CPU
		{04BE537C-4358-4393-B9B5-08FBF3214666}.Release|Any CPU.ActiveCfg = Release|Any CPU
	EndGlobalSection
	GlobalSection(SolutionProperties) = preSolution
		HideSolutionNode = FALSE
	EndGlobalSection
	GlobalSection(ExtensibilityGlobals) = postSolution
		SolutionGuid = {49749620-5DB0-4E49-9F1C-C0866C2A629E}
	EndGlobalSection
EndGlobal
