
Microsoft Visual Studio Solution File, Format Version 12.00
# Visual Studio 15
VisualStudioVersion = 15.0.28307.271
MinimumVisualStudioVersion = 10.0.40219.1
Project("{888888A0-9F3D-457C-B088-3A5042F75D52}") = "TLOGParser", "TLOGParser\TLOGParser.pyproj", "{BBC29737-F6CE-4EAF-8170-1ED5EFC5DBB2}"
EndProject
Global
	GlobalSection(SolutionConfigurationPlatforms) = preSolution
		Debug|Any CPU = Debug|Any CPU
		Release|Any CPU = Release|Any CPU
	EndGlobalSection
	GlobalSection(ProjectConfigurationPlatforms) = postSolution
		{BBC29737-F6CE-4EAF-8170-1ED5EFC5DBB2}.Debug|Any CPU.ActiveCfg = Debug|Any CPU
		{BBC29737-F6CE-4EAF-8170-1ED5EFC5DBB2}.Release|Any CPU.ActiveCfg = Release|Any CPU
	EndGlobalSection
	GlobalSection(SolutionProperties) = preSolution
		HideSolutionNode = FALSE
	EndGlobalSection
	GlobalSection(ExtensibilityGlobals) = postSolution
		SolutionGuid = {629557AC-DCA0-4917-9978-4E12B6B80C86}
	EndGlobalSection
EndGlobal
