
Microsoft Visual Studio Solution File, Format Version 12.00
# Visual Studio 15
VisualStudioVersion = 15.0.27130.2027
MinimumVisualStudioVersion = 10.0.40219.1
Project("{888888A0-9F3D-457C-B088-3A5042F75D52}") = "KeyReader", "KeyReader\KeyReader.pyproj", "{27FF2401-FF1F-42D7-94C0-8E7CE5521AF6}"
EndProject
Global
	GlobalSection(SolutionConfigurationPlatforms) = preSolution
		Debug|Any CPU = Debug|Any CPU
		Release|Any CPU = Release|Any CPU
	EndGlobalSection
	GlobalSection(ProjectConfigurationPlatforms) = postSolution
		{27FF2401-FF1F-42D7-94C0-8E7CE5521AF6}.Debug|Any CPU.ActiveCfg = Debug|Any CPU
		{27FF2401-FF1F-42D7-94C0-8E7CE5521AF6}.Release|Any CPU.ActiveCfg = Release|Any CPU
	EndGlobalSection
	GlobalSection(SolutionProperties) = preSolution
		HideSolutionNode = FALSE
	EndGlobalSection
	GlobalSection(ExtensibilityGlobals) = postSolution
		SolutionGuid = {7644BCC0-47E2-4292-82D2-C4640C283EAA}
	EndGlobalSection
EndGlobal
