
Microsoft Visual Studio Solution File, Format Version 12.00
# Visual Studio 15
VisualStudioVersion = 15.0.27130.2027
MinimumVisualStudioVersion = 10.0.40219.1
Project("{888888A0-9F3D-457C-B088-3A5042F75D52}") = "JustCompare", "JustCompare\JustCompare.pyproj", "{A9561247-FFA4-4649-8E6A-837064345F71}"
EndProject
Global
	GlobalSection(SolutionConfigurationPlatforms) = preSolution
		Debug|Any CPU = Debug|Any CPU
		Release|Any CPU = Release|Any CPU
	EndGlobalSection
	GlobalSection(ProjectConfigurationPlatforms) = postSolution
		{A9561247-FFA4-4649-8E6A-837064345F71}.Debug|Any CPU.ActiveCfg = Debug|Any CPU
		{A9561247-FFA4-4649-8E6A-837064345F71}.Release|Any CPU.ActiveCfg = Release|Any CPU
	EndGlobalSection
	GlobalSection(SolutionProperties) = preSolution
		HideSolutionNode = FALSE
	EndGlobalSection
	GlobalSection(ExtensibilityGlobals) = postSolution
		SolutionGuid = {01C3CEE8-F0BA-4492-948C-E405E77F19A3}
	EndGlobalSection
EndGlobal
