
Microsoft Visual Studio Solution File, Format Version 12.00
# Visual Studio 15
VisualStudioVersion = 15.0.27130.2027
MinimumVisualStudioVersion = 10.0.40219.1
Project("{888888A0-9F3D-457C-B088-3A5042F75D52}") = "ECC", "ECC\ECC.pyproj", "{E7197C47-7FC2-4FC0-BD30-0744F4841748}"
EndProject
Global
	GlobalSection(SolutionConfigurationPlatforms) = preSolution
		Debug|Any CPU = Debug|Any CPU
		Release|Any CPU = Release|Any CPU
	EndGlobalSection
	GlobalSection(ProjectConfigurationPlatforms) = postSolution
		{E7197C47-7FC2-4FC0-BD30-0744F4841748}.Debug|Any CPU.ActiveCfg = Debug|Any CPU
		{E7197C47-7FC2-4FC0-BD30-0744F4841748}.Release|Any CPU.ActiveCfg = Release|Any CPU
	EndGlobalSection
	GlobalSection(SolutionProperties) = preSolution
		HideSolutionNode = FALSE
	EndGlobalSection
	GlobalSection(ExtensibilityGlobals) = postSolution
		SolutionGuid = {9C288BBB-CF31-40BC-873D-A1358850429D}
	EndGlobalSection
EndGlobal
